
Microsoft Visual Studio Solution File, Format Version 12.00
# Visual Studio Version 17
VisualStudioVersion = 17.9.34723.18
MinimumVisualStudioVersion = 10.0.40219.1
Project("{FAE04EC0-301F-11D3-BF4B-00C04F79EFBC}") = "LoginDB", "LoginDB\LoginDB.csproj", "{E1AC1238-F1C3-4DE3-A20C-5DF6F0AFFFAB}"
EndProject
Global
	GlobalSection(SolutionConfigurationPlatforms) = preSolution
		Debug|Any CPU = Debug|Any CPU
		Release|Any CPU = Release|Any CPU
	EndGlobalSection
	GlobalSection(ProjectConfigurationPlatforms) = postSolution
		{E1AC1238-F1C3-4DE3-A20C-5DF6F0AFFFAB}.Debug|Any CPU.ActiveCfg = Debug|Any CPU
		{E1AC1238-F1C3-4DE3-A20C-5DF6F0AFFFAB}.Debug|Any CPU.Build.0 = Debug|Any CPU
		{E1AC1238-F1C3-4DE3-A20C-5DF6F0AFFFAB}.Release|Any CPU.ActiveCfg = Release|Any CPU
		{E1AC1238-F1C3-4DE3-A20C-5DF6F0AFFFAB}.Release|Any CPU.Build.0 = Release|Any CPU
	EndGlobalSection
	GlobalSection(SolutionProperties) = preSolution
		HideSolutionNode = FALSE
	EndGlobalSection
	GlobalSection(ExtensibilityGlobals) = postSolution
		SolutionGuid = {F621C987-9444-4037-B934-6FD7EF4D0A13}
	EndGlobalSection
EndGlobal
